
Microsoft Visual Studio Solution File, Format Version 12.00
# Visual Studio Version 17
VisualStudioVersion = 17.8.34316.72
MinimumVisualStudioVersion = 10.0.40219.1
Project("{FAE04EC0-301F-11D3-BF4B-00C04F79EFBC}") = "DiceRollGame", "DiceRollGame\DiceRollGame.csproj", "{9DDB1B9F-7718-4CA6-A196-D8C63A5A9B1E}"
EndProject
Global
	GlobalSection(SolutionConfigurationPlatforms) = preSolution
		Debug|Any CPU = Debug|Any CPU
		Release|Any CPU = Release|Any CPU
	EndGlobalSection
	GlobalSection(ProjectConfigurationPlatforms) = postSolution
		{9DDB1B9F-7718-4CA6-A196-D8C63A5A9B1E}.Debug|Any CPU.ActiveCfg = Debug|Any CPU
		{9DDB1B9F-7718-4CA6-A196-D8C63A5A9B1E}.Debug|Any CPU.Build.0 = Debug|Any CPU
		{9DDB1B9F-7718-4CA6-A196-D8C63A5A9B1E}.Release|Any CPU.ActiveCfg = Release|Any CPU
		{9DDB1B9F-7718-4CA6-A196-D8C63A5A9B1E}.Release|Any CPU.Build.0 = Release|Any CPU
	EndGlobalSection
	GlobalSection(SolutionProperties) = preSolution
		HideSolutionNode = FALSE
	EndGlobalSection
	GlobalSection(ExtensibilityGlobals) = postSolution
		SolutionGuid = {CF779DAE-4950-4DCE-8363-19D2C797341C}
	EndGlobalSection
EndGlobal
